
Microsoft Visual Studio Solution File, Format Version 12.00
# Visual Studio Version 17
VisualStudioVersion = 17.6.33723.286
MinimumVisualStudioVersion = 10.0.40219.1
Project("{FAE04EC0-301F-11D3-BF4B-00C04F79EFBC}") = "Uloq.SDK", "Uloq.SDK\Uloq.SDK.csproj", "{8FE73BCF-86E8-4B64-8E42-9E9ADE0A3144}"
EndProject
Global
	GlobalSection(SolutionConfigurationPlatforms) = preSolution
		Debug|Any CPU = Debug|Any CPU
		Release|Any CPU = Release|Any CPU
	EndGlobalSection
	GlobalSection(ProjectConfigurationPlatforms) = postSolution
		{8FE73BCF-86E8-4B64-8E42-9E9ADE0A3144}.Debug|Any CPU.ActiveCfg = Debug|Any CPU
		{8FE73BCF-86E8-4B64-8E42-9E9ADE0A3144}.Debug|Any CPU.Build.0 = Debug|Any CPU
		{8FE73BCF-86E8-4B64-8E42-9E9ADE0A3144}.Release|Any CPU.ActiveCfg = Release|Any CPU
		{8FE73BCF-86E8-4B64-8E42-9E9ADE0A3144}.Release|Any CPU.Build.0 = Release|Any CPU
	EndGlobalSection
	GlobalSection(SolutionProperties) = preSolution
		HideSolutionNode = FALSE
	EndGlobalSection
	GlobalSection(ExtensibilityGlobals) = postSolution
		SolutionGuid = {E9670D1A-687C-44DF-B13C-E01A224BE8AA}
	EndGlobalSection
EndGlobal
